# This file is automatically @generated by Cargo.
# It is not intended for manual editing.
version = 4

[[package]]
name = "flighthq-easing"
version = "0.1.0"
dependencies = [
 "flighthq-types",
]

[[package]]
name = "flighthq-image"
version = "0.1.0"
dependencies = [
 "flighthq-types",
]

[[package]]
name = "flighthq-surface"
version = "0.1.0"
dependencies = [
 "flighthq-image",
 "flighthq-types",
]

[[package]]
name = "flighthq-types"
version = "0.1.0"
